// !$*UTF8*$!
{
	archiveVersion = 1;
	classes = {
	};
	objectVersion = 55;
	objects = {

/* Begin PBXBuildFile section */
		F7E7B95827F0AA2E0083AFF3 /* ListPickerPOCApp.swift in Sources */ = {isa = PBXBuildFile; fileRef = F7E7B95727F0AA2E0083AFF3 /* ListPickerPOCApp.swift */; };
		F7E7B95A27F0AA2E0083AFF3 /* PaymentsView.swift in Sources */ = {isa = PBXBuildFile; fileRef = F7E7B95927F0AA2E0083AFF3 /* PaymentsView.swift */; };
		F7E7B95C27F0AA300083AFF3 /* Assets.xcassets in Resources */ = {isa = PBXBuildFile; fileRef = F7E7B95B27F0AA300083AFF3 /* Assets.xcassets */; };
		F7E7B95F27F0AA300083AFF3 /* Preview Assets.xcassets in Resources */ = {isa = PBXBuildFile; fileRef = F7E7B95E27F0AA300083AFF3 /* Preview Assets.xcassets */; };
		F7E7B96927F0AA300083AFF3 /* ListPickerPOCTests.swift in Sources */ = {isa = PBXBuildFile; fileRef = F7E7B96827F0AA300083AFF3 /* ListPickerPOCTests.swift */; };
		F7E7B97327F0AA300083AFF3 /* ListPickerPOCUITests.swift in Sources */ = {isa = PBXBuildFile; fileRef = F7E7B97227F0AA300083AFF3 /* ListPickerPOCUITests.swift */; };
		F7E7B97527F0AA300083AFF3 /* ListPickerPOCUITestsLaunchTests.swift in Sources */ = {isa = PBXBuildFile; fileRef = F7E7B97427F0AA300083AFF3 /* ListPickerPOCUITestsLaunchTests.swift */; };
		F7E7B98227F0AA660083AFF3 /* PaymentsViewModel.swift in Sources */ = {isa = PBXBuildFile; fileRef = F7E7B98127F0AA660083AFF3 /* PaymentsViewModel.swift */; };
/* End PBXBuildFile section */

/* Begin PBXContainerItemProxy section */
		F7E7B96527F0AA300083AFF3 /* PBXContainerItemProxy */ = {
			isa = PBXContainerItemProxy;
			containerPortal = F7E7B94C27F0AA2E0083AFF3 /* Project object */;
			proxyType = 1;
			remoteGlobalIDString = F7E7B95327F0AA2E0083AFF3;
			remoteInfo = ListPickerPOC;
		};
		F7E7B96F27F0AA300083AFF3 /* PBXContainerItemProxy */ = {
			isa = PBXContainerItemProxy;
			containerPortal = F7E7B94C27F0AA2E0083AFF3 /* Project object */;
			proxyType = 1;
			remoteGlobalIDString = F7E7B95327F0AA2E0083AFF3;
			remoteInfo = ListPickerPOC;
		};
/* End PBXContainerItemProxy section */

/* Begin PBXFileReference section */
		F7E7B95427F0AA2E0083AFF3 /* ListPickerPOC.app */ = {isa = PBXFileReference; explicitFileType = wrapper.application; includeInIndex = 0; path = ListPickerPOC.app; sourceTree = BUILT_PRODUCTS_DIR; };
		F7E7B95727F0AA2E0083AFF3 /* ListPickerPOCApp.swift */ = {isa = PBXFileReference; lastKnownFileType = sourcecode.swift; path = ListPickerPOCApp.swift; sourceTree = "<group>"; };
		F7E7B95927F0AA2E0083AFF3 /* PaymentsView.swift */ = {isa = PBXFileReference; lastKnownFileType = sourcecode.swift; path = PaymentsView.swift; sourceTree = "<group>"; };
		F7E7B95B27F0AA300083AFF3 /* Assets.xcassets */ = {isa = PBXFileReference; lastKnownFileType = folder.assetcatalog; path = Assets.xcassets; sourceTree = "<group>"; };
		F7E7B95E27F0AA300083AFF3 /* Preview Assets.xcassets */ = {isa = PBXFileReference; lastKnownFileType = folder.assetcatalog; path = "Preview Assets.xcassets"; sourceTree = "<group>"; };
		F7E7B96427F0AA300083AFF3 /* ListPickerPOCTests.xctest */ = {isa = PBXFileReference; explicitFileType = wrapper.cfbundle; includeInIndex = 0; path = ListPickerPOCTests.xctest; sourceTree = BUILT_PRODUCTS_DIR; };
		F7E7B96827F0AA300083AFF3 /* ListPickerPOCTests.swift */ = {isa = PBXFileReference; lastKnownFileType = sourcecode.swift; path = ListPickerPOCTests.swift; sourceTree = "<group>"; };
		F7E7B96E27F0AA300083AFF3 /* ListPickerPOCUITests.xctest */ = {isa = PBXFileReference; explicitFileType = wrapper.cfbundle; includeInIndex = 0; path = ListPickerPOCUITests.xctest; sourceTree = BUILT_PRODUCTS_DIR; };
		F7E7B97227F0AA300083AFF3 /* ListPickerPOCUITests.swift */ = {isa = PBXFileReference; lastKnownFileType = sourcecode.swift; path = ListPickerPOCUITests.swift; sourceTree = "<group>"; };
		F7E7B97427F0AA300083AFF3 /* ListPickerPOCUITestsLaunchTests.swift */ = {isa = PBXFileReference; lastKnownFileType = sourcecode.swift; path = ListPickerPOCUITestsLaunchTests.swift; sourceTree = "<group>"; };
		F7E7B98127F0AA660083AFF3 /* PaymentsViewModel.swift */ = {isa = PBXFileReference; lastKnownFileType = sourcecode.swift; path = PaymentsViewModel.swift; sourceTree = "<group>"; };
/* End PBXFileReference section */

/* Begin PBXFrameworksBuildPhase section */
		F7E7B95127F0AA2E0083AFF3 /* Frameworks */ = {
			isa = PBXFrameworksBuildPhase;
			buildActionMask = 2147483647;
			files = (
			);
			runOnlyForDeploymentPostprocessing = 0;
		};
		F7E7B96127F0AA300083AFF3 /* Frameworks */ = {
			isa = PBXFrameworksBuildPhase;
			buildActionMask = 2147483647;
			files = (
			);
			runOnlyForDeploymentPostprocessing = 0;
		};
		F7E7B96B27F0AA300083AFF3 /* Frameworks */ = {
			isa = PBXFrameworksBuildPhase;
			buildActionMask = 2147483647;
			files = (
			);
			runOnlyForDeploymentPostprocessing = 0;
		};
/* End PBXFrameworksBuildPhase section */

/* Begin PBXGroup section */
		F7E7B94B27F0AA2E0083AFF3 = {
			isa = PBXGroup;
			children = (
				F7E7B95627F0AA2E0083AFF3 /* ListPickerPOC */,
				F7E7B96727F0AA300083AFF3 /* ListPickerPOCTests */,
				F7E7B97127F0AA300083AFF3 /* ListPickerPOCUITests */,
				F7E7B95527F0AA2E0083AFF3 /* Products */,
			);
			sourceTree = "<group>";
		};
		F7E7B95527F0AA2E0083AFF3 /* Products */ = {
			isa = PBXGroup;
			children = (
				F7E7B95427F0AA2E0083AFF3 /* ListPickerPOC.app */,
				F7E7B96427F0AA300083AFF3 /* ListPickerPOCTests.xctest */,
				F7E7B96E27F0AA300083AFF3 /* ListPickerPOCUITests.xctest */,
			);
			name = Products;
			sourceTree = "<group>";
		};
		F7E7B95627F0AA2E0083AFF3 /* ListPickerPOC */ = {
			isa = PBXGroup;
			children = (
				F7E7B95727F0AA2E0083AFF3 /* ListPickerPOCApp.swift */,
				F7E7B98127F0AA660083AFF3 /* PaymentsViewModel.swift */,
				F7E7B95927F0AA2E0083AFF3 /* PaymentsView.swift */,
				F7E7B95B27F0AA300083AFF3 /* Assets.xcassets */,
				F7E7B95D27F0AA300083AFF3 /* Preview Content */,
			);
			path = ListPickerPOC;
			sourceTree = "<group>";
		};
		F7E7B95D27F0AA300083AFF3 /* Preview Content */ = {
			isa = PBXGroup;
			children = (
				F7E7B95E27F0AA300083AFF3 /* Preview Assets.xcassets */,
			);
			path = "Preview Content";
			sourceTree = "<group>";
		};
		F7E7B96727F0AA300083AFF3 /* ListPickerPOCTests */ = {
			isa = PBXGroup;
			children = (
				F7E7B96827F0AA300083AFF3 /* ListPickerPOCTests.swift */,
			);
			path = ListPickerPOCTests;
			sourceTree = "<group>";
		};
		F7E7B97127F0AA300083AFF3 /* ListPickerPOCUITests */ = {
			isa = PBXGroup;
			children = (
				F7E7B97227F0AA300083AFF3 /* ListPickerPOCUITests.swift */,
				F7E7B97427F0AA300083AFF3 /* ListPickerPOCUITestsLaunchTests.swift */,
			);
			path = ListPickerPOCUITests;
			sourceTree = "<group>";
		};
/* End PBXGroup section */

/* Begin PBXNativeTarget section */
		F7E7B95327F0AA2E0083AFF3 /* ListPickerPOC */ = {
			isa = PBXNativeTarget;
			buildConfigurationList = F7E7B97827F0AA300083AFF3 /* Build configuration list for PBXNativeTarget "ListPickerPOC" */;
			buildPhases = (
				F7E7B95027F0AA2E0083AFF3 /* Sources */,
				F7E7B95127F0AA2E0083AFF3 /* Frameworks */,
				F7E7B95227F0AA2E0083AFF3 /* Resources */,
			);
			buildRules = (
			);
			dependencies = (
			);
			name = ListPickerPOC;
			productName = ListPickerPOC;
			productReference = F7E7B95427F0AA2E0083AFF3 /* ListPickerPOC.app */;
			productType = "com.apple.product-type.application";
		};
		F7E7B96327F0AA300083AFF3 /* ListPickerPOCTests */ = {
			isa = PBXNativeTarget;
			buildConfigurationList = F7E7B97B27F0AA300083AFF3 /* Build configuration list for PBXNativeTarget "ListPickerPOCTests" */;
			buildPhases = (
				F7E7B96027F0AA300083AFF3 /* Sources */,
				F7E7B96127F0AA300083AFF3 /* Frameworks */,
				F7E7B96227F0AA300083AFF3 /* Resources */,
			);
			buildRules = (
			);
			dependencies = (
				F7E7B96627F0AA300083AFF3 /* PBXTargetDependency */,
			);
			name = ListPickerPOCTests;
			productName = ListPickerPOCTests;
			productReference = F7E7B96427F0AA300083AFF3 /* ListPickerPOCTests.xctest */;
			productType = "com.apple.product-type.bundle.unit-test";
		};
		F7E7B96D27F0AA300083AFF3 /* ListPickerPOCUITests */ = {
			isa = PBXNativeTarget;
			buildConfigurationList = F7E7B97E27F0AA300083AFF3 /* Build configuration list for PBXNativeTarget "ListPickerPOCUITests" */;
			buildPhases = (
				F7E7B96A27F0AA300083AFF3 /* Sources */,
				F7E7B96B27F0AA300083AFF3 /* Frameworks */,
				F7E7B96C27F0AA300083AFF3 /* Resources */,
			);
			buildRules = (
			);
			dependencies = (
				F7E7B97027F0AA300083AFF3 /* PBXTargetDependency */,
			);
			name = ListPickerPOCUITests;
			productName = ListPickerPOCUITests;
			productReference = F7E7B96E27F0AA300083AFF3 /* ListPickerPOCUITests.xctest */;
			productType = "com.apple.product-type.bundle.ui-testing";
		};
/* End PBXNativeTarget section */

/* Begin PBXProject section */
		F7E7B94C27F0AA2E0083AFF3 /* Project object */ = {
			isa = PBXProject;
			attributes = {
				BuildIndependentTargetsInParallel = 1;
				LastSwiftUpdateCheck = 1320;
				LastUpgradeCheck = 1320;
				TargetAttributes = {
					F7E7B95327F0AA2E0083AFF3 = {
						CreatedOnToolsVersion = 13.2.1;
					};
					F7E7B96327F0AA300083AFF3 = {
						CreatedOnToolsVersion = 13.2.1;
						TestTargetID = F7E7B95327F0AA2E0083AFF3;
					};
					F7E7B96D27F0AA300083AFF3 = {
						CreatedOnToolsVersion = 13.2.1;
						TestTargetID = F7E7B95327F0AA2E0083AFF3;
					};
				};
			};
			buildConfigurationList = F7E7B94F27F0AA2E0083AFF3 /* Build configuration list for PBXProject "ListPickerPOC" */;
			compatibilityVersion = "Xcode 13.0";
			developmentRegion = en;
			hasScannedForEncodings = 0;
			knownRegions = (
				en,
				Base,
			);
			mainGroup = F7E7B94B27F0AA2E0083AFF3;
			productRefGroup = F7E7B95527F0AA2E0083AFF3 /* Products */;
			projectDirPath = "";
			projectRoot = "";
			targets = (
				F7E7B95327F0AA2E0083AFF3 /* ListPickerPOC */,
				F7E7B96327F0AA300083AFF3 /* ListPickerPOCTests */,
				F7E7B96D27F0AA300083AFF3 /* ListPickerPOCUITests */,
			);
		};
/* End PBXProject section */

/* Begin PBXResourcesBuildPhase section */
		F7E7B95227F0AA2E0083AFF3 /* Resources */ = {
			isa = PBXResourcesBuildPhase;
			buildActionMask = 2147483647;
			files = (
				F7E7B95F27F0AA300083AFF3 /* Preview Assets.xcassets in Resources */,
				F7E7B95C27F0AA300083AFF3 /* Assets.xcassets in Resources */,
			);
			runOnlyForDeploymentPostprocessing = 0;
		};
		F7E7B96227F0AA300083AFF3 /* Resources */ = {
			isa = PBXResourcesBuildPhase;
			buildActionMask = 2147483647;
			files = (
			);
			runOnlyForDeploymentPostprocessing = 0;
		};
		F7E7B96C27F0AA300083AFF3 /* Resources */ = {
			isa = PBXResourcesBuildPhase;
			buildActionMask = 2147483647;
			files = (
			);
			runOnlyForDeploymentPostprocessing = 0;
		};
/* End PBXResourcesBuildPhase section */

/* Begin PBXSourcesBuildPhase section */
		F7E7B95027F0AA2E0083AFF3 /* Sources */ = {
			isa = PBXSourcesBuildPhase;
			buildActionMask = 2147483647;
			files = (
				F7E7B98227F0AA660083AFF3 /* PaymentsViewModel.swift in Sources */,
				F7E7B95A27F0AA2E0083AFF3 /* PaymentsView.swift in Sources */,
				F7E7B95827F0AA2E0083AFF3 /* ListPickerPOCApp.swift in Sources */,
			);
			runOnlyForDeploymentPostprocessing = 0;
		};
		F7E7B96027F0AA300083AFF3 /* Sources */ = {
			isa = PBXSourcesBuildPhase;
			buildActionMask = 2147483647;
			files = (
				F7E7B96927F0AA300083AFF3 /* ListPickerPOCTests.swift in Sources */,
			);
			runOnlyForDeploymentPostprocessing = 0;
		};
		F7E7B96A27F0AA300083AFF3 /* Sources */ = {
			isa = PBXSourcesBuildPhase;
			buildActionMask = 2147483647;
			files = (
				F7E7B97327F0AA300083AFF3 /* ListPickerPOCUITests.swift in Sources */,
				F7E7B97527F0AA300083AFF3 /* ListPickerPOCUITestsLaunchTests.swift in Sources */,
			);
			runOnlyForDeploymentPostprocessing = 0;
		};
/* End PBXSourcesBuildPhase section */

/* Begin PBXTargetDependency section */
		F7E7B96627F0AA300083AFF3 /* PBXTargetDependency */ = {
			isa = PBXTargetDependency;
			target = F7E7B95327F0AA2E0083AFF3 /* ListPickerPOC */;
			targetProxy = F7E7B96527F0AA300083AFF3 /* PBXContainerItemProxy */;
		};
		F7E7B97027F0AA300083AFF3 /* PBXTargetDependency */ = {
			isa = PBXTargetDependency;
			target = F7E7B95327F0AA2E0083AFF3 /* ListPickerPOC */;
			targetProxy = F7E7B96F27F0AA300083AFF3 /* PBXContainerItemProxy */;
		};
/* End PBXTargetDependency section */

/* Begin XCBuildConfiguration section */
		F7E7B97627F0AA300083AFF3 /* Debug */ = {
			isa = XCBuildConfiguration;
			buildSettings = {
				ALWAYS_SEARCH_USER_PATHS = NO;
				CLANG_ANALYZER_NONNULL = YES;
				CLANG_ANALYZER_NUMBER_OBJECT_CONVERSION = YES_AGGRESSIVE;
				CLANG_CXX_LANGUAGE_STANDARD = "gnu++17";
				CLANG_CXX_LIBRARY = "libc++";
				CLANG_ENABLE_MODULES = YES;
				CLANG_ENABLE_OBJC_ARC = YES;
				CLANG_ENABLE_OBJC_WEAK = YES;
				CLANG_WARN_BLOCK_CAPTURE_AUTORELEASING = YES;
				CLANG_WARN_BOOL_CONVERSION = YES;
				CLANG_WARN_COMMA = YES;
				CLANG_WARN_CONSTANT_CONVERSION = YES;
				CLANG_WARN_DEPRECATED_OBJC_IMPLEMENTATIONS = YES;
				CLANG_WARN_DIRECT_OBJC_ISA_USAGE = YES_ERROR;
				CLANG_WARN_DOCUMENTATION_COMMENTS = YES;
				CLANG_WARN_EMPTY_BODY = YES;
				CLANG_WARN_ENUM_CONVERSION = YES;
				CLANG_WARN_INFINITE_RECURSION = YES;
				CLANG_WARN_INT_CONVERSION = YES;
				CLANG_WARN_NON_LITERAL_NULL_CONVERSION = YES;
				CLANG_WARN_OBJC_IMPLICIT_RETAIN_SELF = YES;
				CLANG_WARN_OBJC_LITERAL_CONVERSION = YES;
				CLANG_WARN_OBJC_ROOT_CLASS = YES_ERROR;
				CLANG_WARN_QUOTED_INCLUDE_IN_FRAMEWORK_HEADER = YES;
				CLANG_WARN_RANGE_LOOP_ANALYSIS = YES;
				CLANG_WARN_STRICT_PROTOTYPES = YES;
				CLANG_WARN_SUSPICIOUS_MOVE = YES;
				CLANG_WARN_UNGUARDED_AVAILABILITY = YES_AGGRESSIVE;
				CLANG_WARN_UNREACHABLE_CODE = YES;
				CLANG_WARN__DUPLICATE_METHOD_MATCH = YES;
				COPY_PHASE_STRIP = NO;
				DEBUG_INFORMATION_FORMAT = dwarf;
				ENABLE_STRICT_OBJC_MSGSEND = YES;
				ENABLE_TESTABILITY = YES;
				GCC_C_LANGUAGE_STANDARD = gnu11;
				GCC_DYNAMIC_NO_PIC = NO;
				GCC_NO_COMMON_BLOCKS = YES;
				GCC_OPTIMIZATION_LEVEL = 0;
				GCC_PREPROCESSOR_DEFINITIONS = (
					"DEBUG=1",
					"$(inherited)",
				);
				GCC_WARN_64_TO_32_BIT_CONVERSION = YES;
				GCC_WARN_ABOUT_RETURN_TYPE = YES_ERROR;
				GCC_WARN_UNDECLARED_SELECTOR = YES;
				GCC_WARN_UNINITIALIZED_AUTOS = YES_AGGRESSIVE;
				GCC_WARN_UNUSED_FUNCTION = YES;
				GCC_WARN_UNUSED_VARIABLE = YES;
				IPHONEOS_DEPLOYMENT_TARGET = 15.2;
				MTL_ENABLE_DEBUG_INFO = INCLUDE_SOURCE;
				MTL_FAST_MATH = YES;
				ONLY_ACTIVE_ARCH = YES;
				SDKROOT = iphoneos;
				SWIFT_ACTIVE_COMPILATION_CONDITIONS = DEBUG;
				SWIFT_OPTIMIZATION_LEVEL = "-Onone";
			};
			name = Debug;
		};
		F7E7B97727F0AA300083AFF3 /* Release */ = {
			isa = XCBuildConfiguration;
			buildSettings = {
				ALWAYS_SEARCH_USER_PATHS = NO;
				CLANG_ANALYZER_NONNULL = YES;
				CLANG_ANALYZER_NUMBER_OBJECT_CONVERSION = YES_AGGRESSIVE;
				CLANG_CXX_LANGUAGE_STANDARD = "gnu++17";
				CLANG_CXX_LIBRARY = "libc++";
				CLANG_ENABLE_MODULES = YES;
				CLANG_ENABLE_OBJC_ARC = YES;
				CLANG_ENABLE_OBJC_WEAK = YES;
				CLANG_WARN_BLOCK_CAPTURE_AUTORELEASING = YES;
				CLANG_WARN_BOOL_CONVERSION = YES;
				CLANG_WARN_COMMA = YES;
				CLANG_WARN_CONSTANT_CONVERSION = YES;
				CLANG_WARN_DEPRECATED_OBJC_IMPLEMENTATIONS = YES;
				CLANG_WARN_DIRECT_OBJC_ISA_USAGE = YES_ERROR;
				CLANG_WARN_DOCUMENTATION_COMMENTS = YES;
				CLANG_WARN_EMPTY_BODY = YES;
				CLANG_WARN_ENUM_CONVERSION = YES;
				CLANG_WARN_INFINITE_RECURSION = YES;
				CLANG_WARN_INT_CONVERSION = YES;
				CLANG_WARN_NON_LITERAL_NULL_CONVERSION = YES;
				CLANG_WARN_OBJC_IMPLICIT_RETAIN_SELF = YES;
				CLANG_WARN_OBJC_LITERAL_CONVERSION = YES;
				CLANG_WARN_OBJC_ROOT_CLASS = YES_ERROR;
				CLANG_WARN_QUOTED_INCLUDE_IN_FRAMEWORK_HEADER = YES;
				CLANG_WARN_RANGE_LOOP_ANALYSIS = YES;
				CLANG_WARN_STRICT_PROTOTYPES = YES;
				CLANG_WARN_SUSPICIOUS_MOVE = YES;
				CLANG_WARN_UNGUARDED_AVAILABILITY = YES_AGGRESSIVE;
				CLANG_WARN_UNREACHABLE_CODE = YES;
				CLANG_WARN__DUPLICATE_METHOD_MATCH = YES;
				COPY_PHASE_STRIP = NO;
				DEBUG_INFORMATION_FORMAT = "dwarf-with-dsym";
				ENABLE_NS_ASSERTIONS = NO;
				ENABLE_STRICT_OBJC_MSGSEND = YES;
				GCC_C_LANGUAGE_STANDARD = gnu11;
				GCC_NO_COMMON_BLOCKS = YES;
				GCC_WARN_64_TO_32_BIT_CONVERSION = YES;
				GCC_WARN_ABOUT_RETURN_TYPE = YES_ERROR;
				GCC_WARN_UNDECLARED_SELECTOR = YES;
				GCC_WARN_UNINITIALIZED_AUTOS = YES_AGGRESSIVE;
				GCC_WARN_UNUSED_FUNCTION = YES;
				GCC_WARN_UNUSED_VARIABLE = YES;
				IPHONEOS_DEPLOYMENT_TARGET = 15.2;
				MTL_ENABLE_DEBUG_INFO = NO;
				MTL_FAST_MATH = YES;
				SDKROOT = iphoneos;
				SWIFT_COMPILATION_MODE = wholemodule;
				SWIFT_OPTIMIZATION_LEVEL = "-O";
				VALIDATE_PRODUCT = YES;
			};
			name = Release;
		};
		F7E7B97927F0AA300083AFF3 /* Debug */ = {
			isa = XCBuildConfiguration;
			buildSettings = {
				ASSETCATALOG_COMPILER_APPICON_NAME = AppIcon;
				ASSETCATALOG_COMPILER_GLOBAL_ACCENT_COLOR_NAME = AccentColor;
				CODE_SIGN_STYLE = Automatic;
				CURRENT_PROJECT_VERSION = 1;
				DEVELOPMENT_ASSET_PATHS = "\"ListPickerPOC/Preview Content\"";
				DEVELOPMENT_TEAM = DX765HMQD2;
				ENABLE_PREVIEWS = YES;
				GENERATE_INFOPLIST_FILE = YES;
				INFOPLIST_KEY_UIApplicationSceneManifest_Generation = YES;
				INFOPLIST_KEY_UIApplicationSupportsIndirectInputEvents = YES;
				INFOPLIST_KEY_UILaunchScreen_Generation = YES;
				INFOPLIST_KEY_UISupportedInterfaceOrientations_iPad = "UIInterfaceOrientationPortrait UIInterfaceOrientationPortraitUpsideDown UIInterfaceOrientationLandscapeLeft UIInterfaceOrientationLandscapeRight";
				INFOPLIST_KEY_UISupportedInterfaceOrientations_iPhone = "UIInterfaceOrientationPortrait UIInterfaceOrientationLandscapeLeft UIInterfaceOrientationLandscapeRight";
				LD_RUNPATH_SEARCH_PATHS = (
					"$(inherited)",
					"@executable_path/Frameworks",
				);
				MARKETING_VERSION = 1.0;
				PRODUCT_BUNDLE_IDENTIFIER = com.spencer.ListPickerPOC;
				PRODUCT_NAME = "$(TARGET_NAME)";
				SWIFT_EMIT_LOC_STRINGS = YES;
				SWIFT_VERSION = 5.0;
				TARGETED_DEVICE_FAMILY = "1,2";
			};
			name = Debug;
		};
		F7E7B97A27F0AA300083AFF3 /* Release */ = {
			isa = XCBuildConfiguration;
			buildSettings = {
				ASSETCATALOG_COMPILER_APPICON_NAME = AppIcon;
				ASSETCATALOG_COMPILER_GLOBAL_ACCENT_COLOR_NAME = AccentColor;
				CODE_SIGN_STYLE = Automatic;
				CURRENT_PROJECT_VERSION = 1;
				DEVELOPMENT_ASSET_PATHS = "\"ListPickerPOC/Preview Content\"";
				DEVELOPMENT_TEAM = DX765HMQD2;
				ENABLE_PREVIEWS = YES;
				GENERATE_INFOPLIST_FILE = YES;
				INFOPLIST_KEY_UIApplicationSceneManifest_Generation = YES;
				INFOPLIST_KEY_UIApplicationSupportsIndirectInputEvents = YES;
				INFOPLIST_KEY_UILaunchScreen_Generation = YES;
				INFOPLIST_KEY_UISupportedInterfaceOrientations_iPad = "UIInterfaceOrientationPortrait UIInterfaceOrientationPortraitUpsideDown UIInterfaceOrientationLandscapeLeft UIInterfaceOrientationLandscapeRight";
				INFOPLIST_KEY_UISupportedInterfaceOrientations_iPhone = "UIInterfaceOrientationPortrait UIInterfaceOrientationLandscapeLeft UIInterfaceOrientationLandscapeRight";
				LD_RUNPATH_SEARCH_PATHS = (
					"$(inherited)",
					"@executable_path/Frameworks",
				);
				MARKETING_VERSION = 1.0;
				PRODUCT_BUNDLE_IDENTIFIER = com.spencer.ListPickerPOC;
				PRODUCT_NAME = "$(TARGET_NAME)";
				SWIFT_EMIT_LOC_STRINGS = YES;
				SWIFT_VERSION = 5.0;
				TARGETED_DEVICE_FAMILY = "1,2";
			};
			name = Release;
		};
		F7E7B97C27F0AA300083AFF3 /* Debug */ = {
			isa = XCBuildConfiguration;
			buildSettings = {
				ALWAYS_EMBED_SWIFT_STANDARD_LIBRARIES = YES;
				BUNDLE_LOADER = "$(TEST_HOST)";
				CODE_SIGN_STYLE = Automatic;
				CURRENT_PROJECT_VERSION = 1;
				DEVELOPMENT_TEAM = DX765HMQD2;
				GENERATE_INFOPLIST_FILE = YES;
				IPHONEOS_DEPLOYMENT_TARGET = 15.2;
				MARKETING_VERSION = 1.0;
				PRODUCT_BUNDLE_IDENTIFIER = com.spencer.ListPickerPOCTests;
				PRODUCT_NAME = "$(TARGET_NAME)";
				SWIFT_EMIT_LOC_STRINGS = NO;
				SWIFT_VERSION = 5.0;
				TARGETED_DEVICE_FAMILY = "1,2";
				TEST_HOST = "$(BUILT_PRODUCTS_DIR)/ListPickerPOC.app/ListPickerPOC";
			};
			name = Debug;
		};
		F7E7B97D27F0AA300083AFF3 /* Release */ = {
			isa = XCBuildConfiguration;
			buildSettings = {
				ALWAYS_EMBED_SWIFT_STANDARD_LIBRARIES = YES;
				BUNDLE_LOADER = "$(TEST_HOST)";
				CODE_SIGN_STYLE = Automatic;
				CURRENT_PROJECT_VERSION = 1;
				DEVELOPMENT_TEAM = DX765HMQD2;
				GENERATE_INFOPLIST_FILE = YES;
				IPHONEOS_DEPLOYMENT_TARGET = 15.2;
				MARKETING_VERSION = 1.0;
				PRODUCT_BUNDLE_IDENTIFIER = com.spencer.ListPickerPOCTests;
				PRODUCT_NAME = "$(TARGET_NAME)";
				SWIFT_EMIT_LOC_STRINGS = NO;
				SWIFT_VERSION = 5.0;
				TARGETED_DEVICE_FAMILY = "1,2";
				TEST_HOST = "$(BUILT_PRODUCTS_DIR)/ListPickerPOC.app/ListPickerPOC";
			};
			name = Release;
		};
		F7E7B97F27F0AA300083AFF3 /* Debug */ = {
			isa = XCBuildConfiguration;
			buildSettings = {
				ALWAYS_EMBED_SWIFT_STANDARD_LIBRARIES = YES;
				CODE_SIGN_STYLE = Automatic;
				CURRENT_PROJECT_VERSION = 1;
				DEVELOPMENT_TEAM = DX765HMQD2;
				GENERATE_INFOPLIST_FILE = YES;
				MARKETING_VERSION = 1.0;
				PRODUCT_BUNDLE_IDENTIFIER = com.spencer.ListPickerPOCUITests;
				PRODUCT_NAME = "$(TARGET_NAME)";
				SWIFT_EMIT_LOC_STRINGS = NO;
				SWIFT_VERSION = 5.0;
				TARGETED_DEVICE_FAMILY = "1,2";
				TEST_TARGET_NAME = ListPickerPOC;
			};
			name = Debug;
		};
		F7E7B98027F0AA300083AFF3 /* Release */ = {
			isa = XCBuildConfiguration;
			buildSettings = {
				ALWAYS_EMBED_SWIFT_STANDARD_LIBRARIES = YES;
				CODE_SIGN_STYLE = Automatic;
				CURRENT_PROJECT_VERSION = 1;
				DEVELOPMENT_TEAM = DX765HMQD2;
				GENERATE_INFOPLIST_FILE = YES;
				MARKETING_VERSION = 1.0;
				PRODUCT_BUNDLE_IDENTIFIER = com.spencer.ListPickerPOCUITests;
				PRODUCT_NAME = "$(TARGET_NAME)";
				SWIFT_EMIT_LOC_STRINGS = NO;
				SWIFT_VERSION = 5.0;
				TARGETED_DEVICE_FAMILY = "1,2";
				TEST_TARGET_NAME = ListPickerPOC;
			};
			name = Release;
		};
/* End XCBuildConfiguration section */

/* Begin XCConfigurationList section */
		F7E7B94F27F0AA2E0083AFF3 /* Build configuration list for PBXProject "ListPickerPOC" */ = {
			isa = XCConfigurationList;
			buildConfigurations = (
				F7E7B97627F0AA300083AFF3 /* Debug */,
				F7E7B97727F0AA300083AFF3 /* Release */,
			);
			defaultConfigurationIsVisible = 0;
			defaultConfigurationName = Release;
		};
		F7E7B97827F0AA300083AFF3 /* Build configuration list for PBXNativeTarget "ListPickerPOC" */ = {
			isa = XCConfigurationList;
			buildConfigurations = (
				F7E7B97927F0AA300083AFF3 /* Debug */,
				F7E7B97A27F0AA300083AFF3 /* Release */,
			);
			defaultConfigurationIsVisible = 0;
			defaultConfigurationName = Release;
		};
		F7E7B97B27F0AA300083AFF3 /* Build configuration list for PBXNativeTarget "ListPickerPOCTests" */ = {
			isa = XCConfigurationList;
			buildConfigurations = (
				F7E7B97C27F0AA300083AFF3 /* Debug */,
				F7E7B97D27F0AA300083AFF3 /* Release */,
			);
			defaultConfigurationIsVisible = 0;
			defaultConfigurationName = Release;
		};
		F7E7B97E27F0AA300083AFF3 /* Build configuration list for PBXNativeTarget "ListPickerPOCUITests" */ = {
			isa = XCConfigurationList;
			buildConfigurations = (
				F7E7B97F27F0AA300083AFF3 /* Debug */,
				F7E7B98027F0AA300083AFF3 /* Release */,
			);
			defaultConfigurationIsVisible = 0;
			defaultConfigurationName = Release;
		};
/* End XCConfigurationList section */
	};
	rootObject = F7E7B94C27F0AA2E0083AFF3 /* Project object */;
}
